
Microsoft Visual Studio Solution File, Format Version 12.00
# Visual Studio Version 17
VisualStudioVersion = 17.3.32901.215
MinimumVisualStudioVersion = 10.0.40219.1
Project("{888888A0-9F3D-457C-B088-3A5042F75D52}") = "WeatherData", "WeatherData.pyproj", "{7CC9609A-2EF0-4FB3-9582-526AF21A5B67}"
EndProject
Global
	GlobalSection(SolutionConfigurationPlatforms) = preSolution
		Debug|Any CPU = Debug|Any CPU
		Release|Any CPU = Release|Any CPU
	EndGlobalSection
	GlobalSection(ProjectConfigurationPlatforms) = postSolution
		{7CC9609A-2EF0-4FB3-9582-526AF21A5B67}.Debug|Any CPU.ActiveCfg = Debug|Any CPU
		{7CC9609A-2EF0-4FB3-9582-526AF21A5B67}.Release|Any CPU.ActiveCfg = Release|Any CPU
	EndGlobalSection
	GlobalSection(SolutionProperties) = preSolution
		HideSolutionNode = FALSE
	EndGlobalSection
	GlobalSection(ExtensibilityGlobals) = postSolution
		SolutionGuid = {6DE46C65-87D0-4604-9BB7-01A173F881C6}
	EndGlobalSection
EndGlobal
